
Microsoft Visual Studio Solution File, Format Version 12.00
# Visual Studio Version 16
VisualStudioVersion = 16.0.30523.141
MinimumVisualStudioVersion = 10.0.40219.1
Project("{9A19103F-16F7-4668-BE54-9A1E7A4F7556}") = "Timu_Vlad_Lab2", "Timu_Vlad_Lab2.csproj", "{63804B92-9194-49C6-862A-A6BA50735D4F}"
EndProject
Project("{9A19103F-16F7-4668-BE54-9A1E7A4F7556}") = "LibraryModel", "LibraryModel\LibraryModel.csproj", "{6F1B03A2-9A53-4FD1-BC46-87838157A587}"
EndProject
Project("{9A19103F-16F7-4668-BE54-9A1E7A4F7556}") = "LibraryWebAPI", "LibraryWebAPI\LibraryWebAPI.csproj", "{A81D5AC2-5EF7-468C-8B06-93765CC3A1EF}"
EndProject
Project("{FAE04EC0-301F-11D3-BF4B-00C04F79EFBC}") = "GrpcCustomerService", "..\GrpcCustomerService\GrpcCustomerService.csproj", "{2466574F-CA46-4B14-8117-9EDF306720E8}"
EndProject
Global
	GlobalSection(SolutionConfigurationPlatforms) = preSolution
		Debug|Any CPU = Debug|Any CPU
		Release|Any CPU = Release|Any CPU
	EndGlobalSection
	GlobalSection(ProjectConfigurationPlatforms) = postSolution
		{63804B92-9194-49C6-862A-A6BA50735D4F}.Debug|Any CPU.ActiveCfg = Debug|Any CPU
		{63804B92-9194-49C6-862A-A6BA50735D4F}.Debug|Any CPU.Build.0 = Debug|Any CPU
		{63804B92-9194-49C6-862A-A6BA50735D4F}.Release|Any CPU.ActiveCfg = Release|Any CPU
		{63804B92-9194-49C6-862A-A6BA50735D4F}.Release|Any CPU.Build.0 = Release|Any CPU
		{6F1B03A2-9A53-4FD1-BC46-87838157A587}.Debug|Any CPU.ActiveCfg = Debug|Any CPU
		{6F1B03A2-9A53-4FD1-BC46-87838157A587}.Debug|Any CPU.Build.0 = Debug|Any CPU
		{6F1B03A2-9A53-4FD1-BC46-87838157A587}.Release|Any CPU.ActiveCfg = Release|Any CPU
		{6F1B03A2-9A53-4FD1-BC46-87838157A587}.Release|Any CPU.Build.0 = Release|Any CPU
		{A81D5AC2-5EF7-468C-8B06-93765CC3A1EF}.Debug|Any CPU.ActiveCfg = Debug|Any CPU
		{A81D5AC2-5EF7-468C-8B06-93765CC3A1EF}.Debug|Any CPU.Build.0 = Debug|Any CPU
		{A81D5AC2-5EF7-468C-8B06-93765CC3A1EF}.Release|Any CPU.ActiveCfg = Release|Any CPU
		{A81D5AC2-5EF7-468C-8B06-93765CC3A1EF}.Release|Any CPU.Build.0 = Release|Any CPU
		{2466574F-CA46-4B14-8117-9EDF306720E8}.Debug|Any CPU.ActiveCfg = Debug|Any CPU
		{2466574F-CA46-4B14-8117-9EDF306720E8}.Debug|Any CPU.Build.0 = Debug|Any CPU
		{2466574F-CA46-4B14-8117-9EDF306720E8}.Release|Any CPU.ActiveCfg = Release|Any CPU
		{2466574F-CA46-4B14-8117-9EDF306720E8}.Release|Any CPU.Build.0 = Release|Any CPU
	EndGlobalSection
	GlobalSection(SolutionProperties) = preSolution
		HideSolutionNode = FALSE
	EndGlobalSection
	GlobalSection(ExtensibilityGlobals) = postSolution
		SolutionGuid = {A50E7EE9-320E-4A94-8F48-2EF159865316}
	EndGlobalSection
EndGlobal
